
Microsoft Visual Studio Solution File, Format Version 12.00
# Visual Studio Version 17
VisualStudioVersion = 17.7.34009.444
MinimumVisualStudioVersion = 10.0.40219.1
Project("{9A19103F-16F7-4668-BE54-9A1E7A4F7556}") = "ListaDeTareas", "ListaDeTareas\ListaDeTareas.csproj", "{C0B567A2-7F08-4D2A-AF21-8193F115C172}"
EndProject
Project("{FAE04EC0-301F-11D3-BF4B-00C04F79EFBC}") = "PilaDiccionario", "PilaDiccionario\PilaDiccionario.csproj", "{9AAD46AF-4006-49B6-805B-E25EB2ADAEB8}"
EndProject
Project("{FAE04EC0-301F-11D3-BF4B-00C04F79EFBC}") = "RegistroContactos", "RegistroContactos\RegistroContactos.csproj", "{02B3EE85-4A72-4368-9EF7-505C16FC6361}"
EndProject
Global
	GlobalSection(SolutionConfigurationPlatforms) = preSolution
		Debug|Any CPU = Debug|Any CPU
		Release|Any CPU = Release|Any CPU
	EndGlobalSection
	GlobalSection(ProjectConfigurationPlatforms) = postSolution
		{C0B567A2-7F08-4D2A-AF21-8193F115C172}.Debug|Any CPU.ActiveCfg = Debug|Any CPU
		{C0B567A2-7F08-4D2A-AF21-8193F115C172}.Debug|Any CPU.Build.0 = Debug|Any CPU
		{C0B567A2-7F08-4D2A-AF21-8193F115C172}.Release|Any CPU.ActiveCfg = Release|Any CPU
		{C0B567A2-7F08-4D2A-AF21-8193F115C172}.Release|Any CPU.Build.0 = Release|Any CPU
		{9AAD46AF-4006-49B6-805B-E25EB2ADAEB8}.Debug|Any CPU.ActiveCfg = Debug|Any CPU
		{9AAD46AF-4006-49B6-805B-E25EB2ADAEB8}.Debug|Any CPU.Build.0 = Debug|Any CPU
		{9AAD46AF-4006-49B6-805B-E25EB2ADAEB8}.Release|Any CPU.ActiveCfg = Release|Any CPU
		{9AAD46AF-4006-49B6-805B-E25EB2ADAEB8}.Release|Any CPU.Build.0 = Release|Any CPU
		{02B3EE85-4A72-4368-9EF7-505C16FC6361}.Debug|Any CPU.ActiveCfg = Debug|Any CPU
		{02B3EE85-4A72-4368-9EF7-505C16FC6361}.Debug|Any CPU.Build.0 = Debug|Any CPU
		{02B3EE85-4A72-4368-9EF7-505C16FC6361}.Release|Any CPU.ActiveCfg = Release|Any CPU
		{02B3EE85-4A72-4368-9EF7-505C16FC6361}.Release|Any CPU.Build.0 = Release|Any CPU
	EndGlobalSection
	GlobalSection(SolutionProperties) = preSolution
		HideSolutionNode = FALSE
	EndGlobalSection
	GlobalSection(ExtensibilityGlobals) = postSolution
		SolutionGuid = {E08F3624-A677-4497-BDCE-67428A6EB0A9}
	EndGlobalSection
EndGlobal
